
Microsoft Visual Studio Solution File, Format Version 12.00
# Visual Studio Version 17
VisualStudioVersion = 17.14.36429.23 d17.14
MinimumVisualStudioVersion = 10.0.40219.1
Project("{888888A0-9F3D-457C-B088-3A5042F75D52}") = "ogrenciYonetimSistemleri", "ogrenciYonetimSistemleri.pyproj", "{0ECD138F-4157-4D63-A0D6-AFEDAFD31787}"
EndProject
Global
	GlobalSection(SolutionConfigurationPlatforms) = preSolution
		Debug|Any CPU = Debug|Any CPU
		Release|Any CPU = Release|Any CPU
	EndGlobalSection
	GlobalSection(ProjectConfigurationPlatforms) = postSolution
		{0ECD138F-4157-4D63-A0D6-AFEDAFD31787}.Debug|Any CPU.ActiveCfg = Debug|Any CPU
		{0ECD138F-4157-4D63-A0D6-AFEDAFD31787}.Release|Any CPU.ActiveCfg = Release|Any CPU
	EndGlobalSection
	GlobalSection(SolutionProperties) = preSolution
		HideSolutionNode = FALSE
	EndGlobalSection
	GlobalSection(ExtensibilityGlobals) = postSolution
		SolutionGuid = {8CDAA957-D633-41CF-B568-F4E460605E53}
	EndGlobalSection
EndGlobal
